
Microsoft Visual Studio Solution File, Format Version 12.00
# Visual Studio 2012
Project("{FAE04EC0-301F-11D3-BF4B-00C04F79EFBC}") = "CartService", "CartService\CartService.csproj", "{D6339768-2500-40AD-9C71-9E15DA871D76}"
EndProject
Project("{FAE04EC0-301F-11D3-BF4B-00C04F79EFBC}") = "MessageContracts", "..\PaymentService\PaymentServiceMessageContracts\MessageContracts.csproj", "{D6CA7A32-5B82-4A3F-AE89-66B14D66AA6A}"
EndProject
Global
	GlobalSection(SolutionConfigurationPlatforms) = preSolution
		Debug|Any CPU = Debug|Any CPU
		Release|Any CPU = Release|Any CPU
	EndGlobalSection
	GlobalSection(ProjectConfigurationPlatforms) = postSolution
		{D6339768-2500-40AD-9C71-9E15DA871D76}.Debug|Any CPU.ActiveCfg = Debug|Any CPU
		{D6339768-2500-40AD-9C71-9E15DA871D76}.Debug|Any CPU.Build.0 = Debug|Any CPU
		{D6339768-2500-40AD-9C71-9E15DA871D76}.Release|Any CPU.ActiveCfg = Release|Any CPU
		{D6339768-2500-40AD-9C71-9E15DA871D76}.Release|Any CPU.Build.0 = Release|Any CPU
		{D6CA7A32-5B82-4A3F-AE89-66B14D66AA6A}.Debug|Any CPU.ActiveCfg = Debug|Any CPU
		{D6CA7A32-5B82-4A3F-AE89-66B14D66AA6A}.Debug|Any CPU.Build.0 = Debug|Any CPU
		{D6CA7A32-5B82-4A3F-AE89-66B14D66AA6A}.Release|Any CPU.ActiveCfg = Release|Any CPU
		{D6CA7A32-5B82-4A3F-AE89-66B14D66AA6A}.Release|Any CPU.Build.0 = Release|Any CPU
	EndGlobalSection
	GlobalSection(SolutionProperties) = preSolution
		HideSolutionNode = FALSE
	EndGlobalSection
	GlobalSection(ExtensibilityGlobals) = postSolution
		EnterpriseLibraryConfigurationToolBinariesPath = packages\TransientFaultHandling.Core.5.1.1209.1\lib\NET4
	EndGlobalSection
EndGlobal
