
Microsoft Visual Studio Solution File, Format Version 12.00
# Visual Studio 2012
Project("{FAE04EC0-301F-11D3-BF4B-00C04F79EFBC}") = "PaymentServicetemp", "PaymentService\PaymentServicetemp.csproj", "{C8FE0D3A-E0C1-4E76-BFFA-0816DA79CA0E}"
EndProject
Project("{FAE04EC0-301F-11D3-BF4B-00C04F79EFBC}") = "PaymentService", "PaymentServiceApp\PaymentService.csproj", "{53CED744-F0F9-4F34-8507-423C44FC9BF7}"
EndProject
Project("{FAE04EC0-301F-11D3-BF4B-00C04F79EFBC}") = "PaymentServiceMessageContracts", "PaymentServiceMessageContracts\PaymentServiceMessageContracts.csproj", "{D6CA7A32-5B82-4A3F-AE89-66B14D66AA6A}"
EndProject
Global
	GlobalSection(SolutionConfigurationPlatforms) = preSolution
		Debug|Any CPU = Debug|Any CPU
		Release|Any CPU = Release|Any CPU
	EndGlobalSection
	GlobalSection(ProjectConfigurationPlatforms) = postSolution
		{C8FE0D3A-E0C1-4E76-BFFA-0816DA79CA0E}.Debug|Any CPU.ActiveCfg = Debug|Any CPU
		{C8FE0D3A-E0C1-4E76-BFFA-0816DA79CA0E}.Debug|Any CPU.Build.0 = Debug|Any CPU
		{C8FE0D3A-E0C1-4E76-BFFA-0816DA79CA0E}.Release|Any CPU.ActiveCfg = Release|Any CPU
		{C8FE0D3A-E0C1-4E76-BFFA-0816DA79CA0E}.Release|Any CPU.Build.0 = Release|Any CPU
		{53CED744-F0F9-4F34-8507-423C44FC9BF7}.Debug|Any CPU.ActiveCfg = Debug|Any CPU
		{53CED744-F0F9-4F34-8507-423C44FC9BF7}.Debug|Any CPU.Build.0 = Debug|Any CPU
		{53CED744-F0F9-4F34-8507-423C44FC9BF7}.Release|Any CPU.ActiveCfg = Release|Any CPU
		{53CED744-F0F9-4F34-8507-423C44FC9BF7}.Release|Any CPU.Build.0 = Release|Any CPU
		{D6CA7A32-5B82-4A3F-AE89-66B14D66AA6A}.Debug|Any CPU.ActiveCfg = Debug|Any CPU
		{D6CA7A32-5B82-4A3F-AE89-66B14D66AA6A}.Debug|Any CPU.Build.0 = Debug|Any CPU
		{D6CA7A32-5B82-4A3F-AE89-66B14D66AA6A}.Release|Any CPU.ActiveCfg = Release|Any CPU
		{D6CA7A32-5B82-4A3F-AE89-66B14D66AA6A}.Release|Any CPU.Build.0 = Release|Any CPU
	EndGlobalSection
	GlobalSection(SolutionProperties) = preSolution
		HideSolutionNode = FALSE
	EndGlobalSection
	GlobalSection(ExtensibilityGlobals) = postSolution
		EnterpriseLibraryConfigurationToolBinariesPath = packages\TransientFaultHandling.Core.5.1.1209.1\lib\NET4
	EndGlobalSection
EndGlobal
